
Microsoft Visual Studio Solution File, Format Version 12.00
# Visual Studio Version 17
VisualStudioVersion = 17.4.33213.308
MinimumVisualStudioVersion = 10.0.40219.1
Project("{9A19103F-16F7-4668-BE54-9A1E7A4F7556}") = "Client", "Client\Client.csproj", "{36859AEA-7FC1-478C-89EC-B8C09FBF9F97}"
	ProjectSection(ProjectDependencies) = postProject
		{BE47B11F-8FBB-4508-ACC0-5A7754198D7E} = {BE47B11F-8FBB-4508-ACC0-5A7754198D7E}
	EndProjectSection
EndProject
Project("{9A19103F-16F7-4668-BE54-9A1E7A4F7556}") = "IdentityServer", "IdentityServer\IdentityServer.csproj", "{BE47B11F-8FBB-4508-ACC0-5A7754198D7E}"
EndProject
Project("{FAE04EC0-301F-11D3-BF4B-00C04F79EFBC}") = "EFProject", "EFProject\EFProject.csproj", "{DE65044C-CF86-4802-B06B-EE3B7D50A24A}"
EndProject
Global
	GlobalSection(SolutionConfigurationPlatforms) = preSolution
		Debug|Any CPU = Debug|Any CPU
		Release|Any CPU = Release|Any CPU
	EndGlobalSection
	GlobalSection(ProjectConfigurationPlatforms) = postSolution
		{36859AEA-7FC1-478C-89EC-B8C09FBF9F97}.Debug|Any CPU.ActiveCfg = Debug|Any CPU
		{36859AEA-7FC1-478C-89EC-B8C09FBF9F97}.Debug|Any CPU.Build.0 = Debug|Any CPU
		{36859AEA-7FC1-478C-89EC-B8C09FBF9F97}.Release|Any CPU.ActiveCfg = Release|Any CPU
		{36859AEA-7FC1-478C-89EC-B8C09FBF9F97}.Release|Any CPU.Build.0 = Release|Any CPU
		{BE47B11F-8FBB-4508-ACC0-5A7754198D7E}.Debug|Any CPU.ActiveCfg = Debug|Any CPU
		{BE47B11F-8FBB-4508-ACC0-5A7754198D7E}.Debug|Any CPU.Build.0 = Debug|Any CPU
		{BE47B11F-8FBB-4508-ACC0-5A7754198D7E}.Release|Any CPU.ActiveCfg = Release|Any CPU
		{BE47B11F-8FBB-4508-ACC0-5A7754198D7E}.Release|Any CPU.Build.0 = Release|Any CPU
		{DE65044C-CF86-4802-B06B-EE3B7D50A24A}.Debug|Any CPU.ActiveCfg = Debug|Any CPU
		{DE65044C-CF86-4802-B06B-EE3B7D50A24A}.Debug|Any CPU.Build.0 = Debug|Any CPU
		{DE65044C-CF86-4802-B06B-EE3B7D50A24A}.Release|Any CPU.ActiveCfg = Release|Any CPU
		{DE65044C-CF86-4802-B06B-EE3B7D50A24A}.Release|Any CPU.Build.0 = Release|Any CPU
	EndGlobalSection
	GlobalSection(SolutionProperties) = preSolution
		HideSolutionNode = FALSE
	EndGlobalSection
	GlobalSection(ExtensibilityGlobals) = postSolution
		SolutionGuid = {2B080A8C-A02C-4B5B-A68D-53498F700765}
	EndGlobalSection
EndGlobal
